
Microsoft Visual Studio Solution File, Format Version 12.00
# Visual Studio 15
VisualStudioVersion = 15.0.28307.106
MinimumVisualStudioVersion = 10.0.40219.1
Project("{9A19103F-16F7-4668-BE54-9A1E7A4F7556}") = "CGEvents", "CGEvents\CGEvents.csproj", "{A171D788-C318-4140-88A3-8FD2CC4FC1B0}"
EndProject
Project("{9A19103F-16F7-4668-BE54-9A1E7A4F7556}") = "Microsoft.Identity.Web", "..\Microsoft.Identity.Web\Microsoft.Identity.Web.csproj", "{FFB95905-8B84-4DCA-9981-1F709B2F520D}"
EndProject
Global
	GlobalSection(SolutionConfigurationPlatforms) = preSolution
		Debug|Any CPU = Debug|Any CPU
		Release|Any CPU = Release|Any CPU
	EndGlobalSection
	GlobalSection(ProjectConfigurationPlatforms) = postSolution
		{A171D788-C318-4140-88A3-8FD2CC4FC1B0}.Debug|Any CPU.ActiveCfg = Debug|Any CPU
		{A171D788-C318-4140-88A3-8FD2CC4FC1B0}.Debug|Any CPU.Build.0 = Debug|Any CPU
		{A171D788-C318-4140-88A3-8FD2CC4FC1B0}.Release|Any CPU.ActiveCfg = Release|Any CPU
		{A171D788-C318-4140-88A3-8FD2CC4FC1B0}.Release|Any CPU.Build.0 = Release|Any CPU
		{FFB95905-8B84-4DCA-9981-1F709B2F520D}.Debug|Any CPU.ActiveCfg = Debug|Any CPU
		{FFB95905-8B84-4DCA-9981-1F709B2F520D}.Debug|Any CPU.Build.0 = Debug|Any CPU
		{FFB95905-8B84-4DCA-9981-1F709B2F520D}.Release|Any CPU.ActiveCfg = Release|Any CPU
		{FFB95905-8B84-4DCA-9981-1F709B2F520D}.Release|Any CPU.Build.0 = Release|Any CPU
	EndGlobalSection
	GlobalSection(SolutionProperties) = preSolution
		HideSolutionNode = FALSE
	EndGlobalSection
	GlobalSection(ExtensibilityGlobals) = postSolution
		SolutionGuid = {0C9CD26F-00FF-4E77-ACA2-9CD365BBE1EA}
	EndGlobalSection
EndGlobal
